
Microsoft Visual Studio Solution File, Format Version 12.00
# Visual Studio Version 16
VisualStudioVersion = 16.0.31321.278
MinimumVisualStudioVersion = 10.0.40219.1
Project("{FAE04EC0-301F-11D3-BF4B-00C04F79EFBC}") = "OnlineKirana", "OnlineKirana.csproj", "{8D67F13C-1CC3-405F-B5B5-840CDFB61065}"
EndProject
Global
	GlobalSection(SolutionConfigurationPlatforms) = preSolution
		Debug|Any CPU = Debug|Any CPU
		Release|Any CPU = Release|Any CPU
	EndGlobalSection
	GlobalSection(ProjectConfigurationPlatforms) = postSolution
		{8D67F13C-1CC3-405F-B5B5-840CDFB61065}.Debug|Any CPU.ActiveCfg = Debug|Any CPU
		{8D67F13C-1CC3-405F-B5B5-840CDFB61065}.Debug|Any CPU.Build.0 = Debug|Any CPU
		{8D67F13C-1CC3-405F-B5B5-840CDFB61065}.Release|Any CPU.ActiveCfg = Release|Any CPU
		{8D67F13C-1CC3-405F-B5B5-840CDFB61065}.Release|Any CPU.Build.0 = Release|Any CPU
	EndGlobalSection
	GlobalSection(SolutionProperties) = preSolution
		HideSolutionNode = FALSE
	EndGlobalSection
	GlobalSection(ExtensibilityGlobals) = postSolution
		SolutionGuid = {532ECF52-A4EE-42F2-9911-4661D64AD0C6}
	EndGlobalSection
EndGlobal
